
Microsoft Visual Studio Solution File, Format Version 12.00
# Visual Studio Version 17
VisualStudioVersion = 17.3.32922.545
MinimumVisualStudioVersion = 10.0.40219.1
Project("{FAE04EC0-301F-11D3-BF4B-00C04F79EFBC}") = "on tap", "on tap\on tap.csproj", "{AAB0B5FF-2E48-4100-971E-AD688589E5E4}"
EndProject
Global
	GlobalSection(SolutionConfigurationPlatforms) = preSolution
		Debug|Any CPU = Debug|Any CPU
		Release|Any CPU = Release|Any CPU
	EndGlobalSection
	GlobalSection(ProjectConfigurationPlatforms) = postSolution
		{AAB0B5FF-2E48-4100-971E-AD688589E5E4}.Debug|Any CPU.ActiveCfg = Debug|Any CPU
		{AAB0B5FF-2E48-4100-971E-AD688589E5E4}.Debug|Any CPU.Build.0 = Debug|Any CPU
		{AAB0B5FF-2E48-4100-971E-AD688589E5E4}.Release|Any CPU.ActiveCfg = Release|Any CPU
		{AAB0B5FF-2E48-4100-971E-AD688589E5E4}.Release|Any CPU.Build.0 = Release|Any CPU
	EndGlobalSection
	GlobalSection(SolutionProperties) = preSolution
		HideSolutionNode = FALSE
	EndGlobalSection
	GlobalSection(ExtensibilityGlobals) = postSolution
		SolutionGuid = {441AB344-A663-4BB3-8EDE-E833F03F3807}
	EndGlobalSection
EndGlobal
